
Microsoft Visual Studio Solution File, Format Version 12.00
# Visual Studio 15
VisualStudioVersion = 15.0.27130.2027
MinimumVisualStudioVersion = 10.0.40219.1
Project("{FAE04EC0-301F-11D3-BF4B-00C04F79EFBC}") = "WebAppTest", "WebAppTest\WebAppTest.csproj", "{CFBC114E-7F6A-47C8-943A-20FE8ACB1FA9}"
EndProject
Project("{FAE04EC0-301F-11D3-BF4B-00C04F79EFBC}") = "WebApiTestStandAlone", "WebApiTestStandAlone\WebApiTestStandAlone.csproj", "{9893BFE0-ADC5-470C-A73A-0D7FEDEF2B9F}"
EndProject
Global
	GlobalSection(SolutionConfigurationPlatforms) = preSolution
		Debug|Any CPU = Debug|Any CPU
		Release|Any CPU = Release|Any CPU
	EndGlobalSection
	GlobalSection(ProjectConfigurationPlatforms) = postSolution
		{CFBC114E-7F6A-47C8-943A-20FE8ACB1FA9}.Debug|Any CPU.ActiveCfg = Debug|Any CPU
		{CFBC114E-7F6A-47C8-943A-20FE8ACB1FA9}.Debug|Any CPU.Build.0 = Debug|Any CPU
		{CFBC114E-7F6A-47C8-943A-20FE8ACB1FA9}.Release|Any CPU.ActiveCfg = Release|Any CPU
		{CFBC114E-7F6A-47C8-943A-20FE8ACB1FA9}.Release|Any CPU.Build.0 = Release|Any CPU
		{9893BFE0-ADC5-470C-A73A-0D7FEDEF2B9F}.Debug|Any CPU.ActiveCfg = Debug|Any CPU
		{9893BFE0-ADC5-470C-A73A-0D7FEDEF2B9F}.Debug|Any CPU.Build.0 = Debug|Any CPU
		{9893BFE0-ADC5-470C-A73A-0D7FEDEF2B9F}.Release|Any CPU.ActiveCfg = Release|Any CPU
		{9893BFE0-ADC5-470C-A73A-0D7FEDEF2B9F}.Release|Any CPU.Build.0 = Release|Any CPU
	EndGlobalSection
	GlobalSection(SolutionProperties) = preSolution
		HideSolutionNode = FALSE
	EndGlobalSection
	GlobalSection(ExtensibilityGlobals) = postSolution
		SolutionGuid = {A263C24E-1ADF-402C-ACE0-CAF05D69805F}
	EndGlobalSection
EndGlobal
